
Microsoft Visual Studio Solution File, Format Version 12.00
# Visual Studio Version 17
VisualStudioVersion = 17.1.32328.378
MinimumVisualStudioVersion = 10.0.40219.1
Project("{9A19103F-16F7-4668-BE54-9A1E7A4F7556}") = "Business", "Bussines\Business.csproj", "{C48D34EF-8C0F-4C6D-9251-D96207188A5E}"
EndProject
Project("{9A19103F-16F7-4668-BE54-9A1E7A4F7556}") = "DataAccess", "DataAccess\DataAccess.csproj", "{8E70BC91-12AC-4F29-8F33-CFAF10CFEA33}"
EndProject
Project("{9A19103F-16F7-4668-BE54-9A1E7A4F7556}") = "Core", "Core\Core.csproj", "{45FB723B-9A13-4C5A-814C-0084E22C6944}"
EndProject
Project("{9A19103F-16F7-4668-BE54-9A1E7A4F7556}") = "Entities", "Entities\Entities.csproj", "{240BEC75-A0FA-4E36-96DE-22344137A197}"
EndProject
Project("{9A19103F-16F7-4668-BE54-9A1E7A4F7556}") = "WebAPI", "WebAPI\WebAPI.csproj", "{7C12EF04-E458-4805-B0C1-A4932AC68591}"
EndProject
Global
	GlobalSection(SolutionConfigurationPlatforms) = preSolution
		Debug|Any CPU = Debug|Any CPU
		Release|Any CPU = Release|Any CPU
	EndGlobalSection
	GlobalSection(ProjectConfigurationPlatforms) = postSolution
		{C48D34EF-8C0F-4C6D-9251-D96207188A5E}.Debug|Any CPU.ActiveCfg = Debug|Any CPU
		{C48D34EF-8C0F-4C6D-9251-D96207188A5E}.Debug|Any CPU.Build.0 = Debug|Any CPU
		{C48D34EF-8C0F-4C6D-9251-D96207188A5E}.Release|Any CPU.ActiveCfg = Release|Any CPU
		{C48D34EF-8C0F-4C6D-9251-D96207188A5E}.Release|Any CPU.Build.0 = Release|Any CPU
		{8E70BC91-12AC-4F29-8F33-CFAF10CFEA33}.Debug|Any CPU.ActiveCfg = Debug|Any CPU
		{8E70BC91-12AC-4F29-8F33-CFAF10CFEA33}.Debug|Any CPU.Build.0 = Debug|Any CPU
		{8E70BC91-12AC-4F29-8F33-CFAF10CFEA33}.Release|Any CPU.ActiveCfg = Release|Any CPU
		{8E70BC91-12AC-4F29-8F33-CFAF10CFEA33}.Release|Any CPU.Build.0 = Release|Any CPU
		{45FB723B-9A13-4C5A-814C-0084E22C6944}.Debug|Any CPU.ActiveCfg = Debug|Any CPU
		{45FB723B-9A13-4C5A-814C-0084E22C6944}.Debug|Any CPU.Build.0 = Debug|Any CPU
		{45FB723B-9A13-4C5A-814C-0084E22C6944}.Release|Any CPU.ActiveCfg = Release|Any CPU
		{45FB723B-9A13-4C5A-814C-0084E22C6944}.Release|Any CPU.Build.0 = Release|Any CPU
		{240BEC75-A0FA-4E36-96DE-22344137A197}.Debug|Any CPU.ActiveCfg = Debug|Any CPU
		{240BEC75-A0FA-4E36-96DE-22344137A197}.Debug|Any CPU.Build.0 = Debug|Any CPU
		{240BEC75-A0FA-4E36-96DE-22344137A197}.Release|Any CPU.ActiveCfg = Release|Any CPU
		{240BEC75-A0FA-4E36-96DE-22344137A197}.Release|Any CPU.Build.0 = Release|Any CPU
		{7C12EF04-E458-4805-B0C1-A4932AC68591}.Debug|Any CPU.ActiveCfg = Debug|Any CPU
		{7C12EF04-E458-4805-B0C1-A4932AC68591}.Debug|Any CPU.Build.0 = Debug|Any CPU
		{7C12EF04-E458-4805-B0C1-A4932AC68591}.Release|Any CPU.ActiveCfg = Release|Any CPU
		{7C12EF04-E458-4805-B0C1-A4932AC68591}.Release|Any CPU.Build.0 = Release|Any CPU
	EndGlobalSection
	GlobalSection(SolutionProperties) = preSolution
		HideSolutionNode = FALSE
	EndGlobalSection
	GlobalSection(ExtensibilityGlobals) = postSolution
		SolutionGuid = {DA780F77-4E00-449B-97F2-F43A1F8ABBB8}
	EndGlobalSection
EndGlobal
